
Microsoft Visual Studio Solution File, Format Version 12.00
# Visual Studio 15
VisualStudioVersion = 15.0.28010.2046
MinimumVisualStudioVersion = 10.0.40219.1
Project("{FAE04EC0-301F-11D3-BF4B-00C04F79EFBC}") = "SeaBattleship", "SeaBattleship\SeaBattleship.csproj", "{59AAD0DD-0343-46A5-BF63-D074670BE139}"
EndProject
Project("{00D1A9C2-B5F0-4AF3-8072-F6C62B433612}") = "SeaBattleshipDatabase", "SeaBattleshipDatabase\SeaBattleshipDatabase.sqlproj", "{308B7A1C-1FB4-4614-AADF-8E6C8022D3E0}"
EndProject
Project("{FAE04EC0-301F-11D3-BF4B-00C04F79EFBC}") = "CommunicationModel", "CommunicationModel\CommunicationModel.csproj", "{E77EDDF1-6A2D-49C4-9308-D83E1DB3E7CC}"
EndProject
Project("{FAE04EC0-301F-11D3-BF4B-00C04F79EFBC}") = "DatabaseWorkerModel", "DatabaseWorkerModel\DatabaseWorkerModel.csproj", "{0E77E7F8-E4A8-47DC-AEAD-BBCDCB98AB6F}"
EndProject
Project("{FAE04EC0-301F-11D3-BF4B-00C04F79EFBC}") = "GameModel", "GameModel\GameModel.csproj", "{D2E3B51C-894B-4A36-8389-3B098B4DD702}"
EndProject
Global
	GlobalSection(SolutionConfigurationPlatforms) = preSolution
		Debug|Any CPU = Debug|Any CPU
		Release|Any CPU = Release|Any CPU
	EndGlobalSection
	GlobalSection(ProjectConfigurationPlatforms) = postSolution
		{59AAD0DD-0343-46A5-BF63-D074670BE139}.Debug|Any CPU.ActiveCfg = Debug|Any CPU
		{59AAD0DD-0343-46A5-BF63-D074670BE139}.Debug|Any CPU.Build.0 = Debug|Any CPU
		{59AAD0DD-0343-46A5-BF63-D074670BE139}.Release|Any CPU.ActiveCfg = Release|Any CPU
		{59AAD0DD-0343-46A5-BF63-D074670BE139}.Release|Any CPU.Build.0 = Release|Any CPU
		{308B7A1C-1FB4-4614-AADF-8E6C8022D3E0}.Debug|Any CPU.ActiveCfg = Debug|Any CPU
		{308B7A1C-1FB4-4614-AADF-8E6C8022D3E0}.Debug|Any CPU.Build.0 = Debug|Any CPU
		{308B7A1C-1FB4-4614-AADF-8E6C8022D3E0}.Debug|Any CPU.Deploy.0 = Debug|Any CPU
		{308B7A1C-1FB4-4614-AADF-8E6C8022D3E0}.Release|Any CPU.ActiveCfg = Release|Any CPU
		{308B7A1C-1FB4-4614-AADF-8E6C8022D3E0}.Release|Any CPU.Build.0 = Release|Any CPU
		{308B7A1C-1FB4-4614-AADF-8E6C8022D3E0}.Release|Any CPU.Deploy.0 = Release|Any CPU
		{E77EDDF1-6A2D-49C4-9308-D83E1DB3E7CC}.Debug|Any CPU.ActiveCfg = Debug|Any CPU
		{E77EDDF1-6A2D-49C4-9308-D83E1DB3E7CC}.Debug|Any CPU.Build.0 = Debug|Any CPU
		{E77EDDF1-6A2D-49C4-9308-D83E1DB3E7CC}.Release|Any CPU.ActiveCfg = Release|Any CPU
		{E77EDDF1-6A2D-49C4-9308-D83E1DB3E7CC}.Release|Any CPU.Build.0 = Release|Any CPU
		{0E77E7F8-E4A8-47DC-AEAD-BBCDCB98AB6F}.Debug|Any CPU.ActiveCfg = Debug|Any CPU
		{0E77E7F8-E4A8-47DC-AEAD-BBCDCB98AB6F}.Debug|Any CPU.Build.0 = Debug|Any CPU
		{0E77E7F8-E4A8-47DC-AEAD-BBCDCB98AB6F}.Release|Any CPU.ActiveCfg = Release|Any CPU
		{0E77E7F8-E4A8-47DC-AEAD-BBCDCB98AB6F}.Release|Any CPU.Build.0 = Release|Any CPU
		{D2E3B51C-894B-4A36-8389-3B098B4DD702}.Debug|Any CPU.ActiveCfg = Debug|Any CPU
		{D2E3B51C-894B-4A36-8389-3B098B4DD702}.Debug|Any CPU.Build.0 = Debug|Any CPU
		{D2E3B51C-894B-4A36-8389-3B098B4DD702}.Release|Any CPU.ActiveCfg = Release|Any CPU
		{D2E3B51C-894B-4A36-8389-3B098B4DD702}.Release|Any CPU.Build.0 = Release|Any CPU
	EndGlobalSection
	GlobalSection(SolutionProperties) = preSolution
		HideSolutionNode = FALSE
	EndGlobalSection
	GlobalSection(ExtensibilityGlobals) = postSolution
		SolutionGuid = {5F0B049A-CAFC-407C-B932-AEBC73F83BD7}
	EndGlobalSection
EndGlobal
